
Microsoft Visual Studio Solution File, Format Version 12.00
# Visual Studio Version 18
VisualStudioVersion = 18.3.11310.294 d18.3
MinimumVisualStudioVersion = 10.0.40219.1
Project("{FAE04EC0-301F-11D3-BF4B-00C04F79EFBC}") = "ImposterGame", "ImposterGame\ImposterGame.csproj", "{5D93830B-752B-4380-A854-B7B730683A62}"
EndProject
Project("{2150E333-8FDC-42A3-9474-1A3956D46DE8}") = "Solution Items", "Solution Items", "{B4809412-81CD-438F-93C0-E4E3A07C9019}"
	ProjectSection(SolutionItems) = preProject
		.github\workflows\azure-static-web-apps-proud-bay-0d59c0410.yml = .github\workflows\azure-static-web-apps-proud-bay-0d59c0410.yml
	EndProjectSection
EndProject
Global
	GlobalSection(SolutionConfigurationPlatforms) = preSolution
		Debug|Any CPU = Debug|Any CPU
		Debug|x64 = Debug|x64
		Debug|x86 = Debug|x86
		Release|Any CPU = Release|Any CPU
		Release|x64 = Release|x64
		Release|x86 = Release|x86
	EndGlobalSection
	GlobalSection(ProjectConfigurationPlatforms) = postSolution
		{5D93830B-752B-4380-A854-B7B730683A62}.Debug|Any CPU.ActiveCfg = Debug|Any CPU
		{5D93830B-752B-4380-A854-B7B730683A62}.Debug|Any CPU.Build.0 = Debug|Any CPU
		{5D93830B-752B-4380-A854-B7B730683A62}.Debug|x64.ActiveCfg = Debug|Any CPU
		{5D93830B-752B-4380-A854-B7B730683A62}.Debug|x64.Build.0 = Debug|Any CPU
		{5D93830B-752B-4380-A854-B7B730683A62}.Debug|x86.ActiveCfg = Debug|Any CPU
		{5D93830B-752B-4380-A854-B7B730683A62}.Debug|x86.Build.0 = Debug|Any CPU
		{5D93830B-752B-4380-A854-B7B730683A62}.Release|Any CPU.ActiveCfg = Release|Any CPU
		{5D93830B-752B-4380-A854-B7B730683A62}.Release|Any CPU.Build.0 = Release|Any CPU
		{5D93830B-752B-4380-A854-B7B730683A62}.Release|x64.ActiveCfg = Release|Any CPU
		{5D93830B-752B-4380-A854-B7B730683A62}.Release|x64.Build.0 = Release|Any CPU
		{5D93830B-752B-4380-A854-B7B730683A62}.Release|x86.ActiveCfg = Release|Any CPU
		{5D93830B-752B-4380-A854-B7B730683A62}.Release|x86.Build.0 = Release|Any CPU
	EndGlobalSection
	GlobalSection(SolutionProperties) = preSolution
		HideSolutionNode = FALSE
	EndGlobalSection
EndGlobal
